// !$*UTF8*$!
{
	archiveVersion = 1;
	classes = {
	};
	objectVersion = 50;
	objects = {

/* Begin PBXBuildFile section */
		38472580255C3F3B00A4A402 /* ExelFormules.swift in Sources */ = {isa = PBXBuildFile; fileRef = 3847257F255C3F3B00A4A402 /* ExelFormules.swift */; };
		38ACFA57255975DA00A69D03 /* AppDelegate.swift in Sources */ = {isa = PBXBuildFile; fileRef = 38ACFA56255975DA00A69D03 /* AppDelegate.swift */; };
		38ACFA59255975DA00A69D03 /* SceneDelegate.swift in Sources */ = {isa = PBXBuildFile; fileRef = 38ACFA58255975DA00A69D03 /* SceneDelegate.swift */; };
		38ACFA5B255975DA00A69D03 /* ViewController.swift in Sources */ = {isa = PBXBuildFile; fileRef = 38ACFA5A255975DA00A69D03 /* ViewController.swift */; };
		38ACFA5E255975DA00A69D03 /* Main.storyboard in Resources */ = {isa = PBXBuildFile; fileRef = 38ACFA5C255975DA00A69D03 /* Main.storyboard */; };
		38ACFA60255975E000A69D03 /* Assets.xcassets in Resources */ = {isa = PBXBuildFile; fileRef = 38ACFA5F255975E000A69D03 /* Assets.xcassets */; };
		38ACFA63255975E000A69D03 /* LaunchScreen.storyboard in Resources */ = {isa = PBXBuildFile; fileRef = 38ACFA61255975E000A69D03 /* LaunchScreen.storyboard */; };
/* End PBXBuildFile section */

/* Begin PBXFileReference section */
		3847257F255C3F3B00A4A402 /* ExelFormules.swift */ = {isa = PBXFileReference; lastKnownFileType = sourcecode.swift; path = ExelFormules.swift; sourceTree = "<group>"; };
		38ACFA53255975DA00A69D03 /* Bank App.app */ = {isa = PBXFileReference; explicitFileType = wrapper.application; includeInIndex = 0; path = "Bank App.app"; sourceTree = BUILT_PRODUCTS_DIR; };
		38ACFA56255975DA00A69D03 /* AppDelegate.swift */ = {isa = PBXFileReference; lastKnownFileType = sourcecode.swift; path = AppDelegate.swift; sourceTree = "<group>"; };
		38ACFA58255975DA00A69D03 /* SceneDelegate.swift */ = {isa = PBXFileReference; lastKnownFileType = sourcecode.swift; path = SceneDelegate.swift; sourceTree = "<group>"; };
		38ACFA5A255975DA00A69D03 /* ViewController.swift */ = {isa = PBXFileReference; lastKnownFileType = sourcecode.swift; path = ViewController.swift; sourceTree = "<group>"; };
		38ACFA5D255975DA00A69D03 /* Base */ = {isa = PBXFileReference; lastKnownFileType = file.storyboard; name = Base; path = Base.lproj/Main.storyboard; sourceTree = "<group>"; };
		38ACFA5F255975E000A69D03 /* Assets.xcassets */ = {isa = PBXFileReference; lastKnownFileType = folder.assetcatalog; path = Assets.xcassets; sourceTree = "<group>"; };
		38ACFA62255975E000A69D03 /* Base */ = {isa = PBXFileReference; lastKnownFileType = file.storyboard; name = Base; path = Base.lproj/LaunchScreen.storyboard; sourceTree = "<group>"; };
		38ACFA64255975E000A69D03 /* Info.plist */ = {isa = PBXFileReference; lastKnownFileType = text.plist.xml; path = Info.plist; sourceTree = "<group>"; };
/* End PBXFileReference section */

/* Begin PBXFrameworksBuildPhase section */
		38ACFA50255975DA00A69D03 /* Frameworks */ = {
			isa = PBXFrameworksBuildPhase;
			buildActionMask = 2147483647;
			files = (
			);
			runOnlyForDeploymentPostprocessing = 0;
		};
/* End PBXFrameworksBuildPhase section */

/* Begin PBXGroup section */
		38ACFA4A255975DA00A69D03 = {
			isa = PBXGroup;
			children = (
				38ACFA55255975DA00A69D03 /* Bank App */,
				38ACFA54255975DA00A69D03 /* Products */,
			);
			sourceTree = "<group>";
		};
		38ACFA54255975DA00A69D03 /* Products */ = {
			isa = PBXGroup;
			children = (
				38ACFA53255975DA00A69D03 /* Bank App.app */,
			);
			name = Products;
			sourceTree = "<group>";
		};
		38ACFA55255975DA00A69D03 /* Bank App */ = {
			isa = PBXGroup;
			children = (
				38ACFA56255975DA00A69D03 /* AppDelegate.swift */,
				38ACFA5F255975E000A69D03 /* Assets.xcassets */,
				3847257F255C3F3B00A4A402 /* ExelFormules.swift */,
				38ACFA64255975E000A69D03 /* Info.plist */,
				38ACFA61255975E000A69D03 /* LaunchScreen.storyboard */,
				38ACFA5C255975DA00A69D03 /* Main.storyboard */,
				38ACFA58255975DA00A69D03 /* SceneDelegate.swift */,
				38ACFA5A255975DA00A69D03 /* ViewController.swift */,
			);
			path = "Bank App";
			sourceTree = "<group>";
		};
/* End PBXGroup section */

/* Begin PBXNativeTarget section */
		38ACFA52255975DA00A69D03 /* Bank App */ = {
			isa = PBXNativeTarget;
			buildConfigurationList = 38ACFA67255975E000A69D03 /* Build configuration list for PBXNativeTarget "Bank App" */;
			buildPhases = (
				38ACFA4F255975DA00A69D03 /* Sources */,
				38ACFA50255975DA00A69D03 /* Frameworks */,
				38ACFA51255975DA00A69D03 /* Resources */,
			);
			buildRules = (
			);
			dependencies = (
			);
			name = "Bank App";
			productName = "Bank App";
			productReference = 38ACFA53255975DA00A69D03 /* Bank App.app */;
			productType = "com.apple.product-type.application";
		};
/* End PBXNativeTarget section */

/* Begin PBXProject section */
		38ACFA4B255975DA00A69D03 /* Project object */ = {
			isa = PBXProject;
			attributes = {
				LastSwiftUpdateCheck = 1210;
				LastUpgradeCheck = 1210;
				TargetAttributes = {
					38ACFA52255975DA00A69D03 = {
						CreatedOnToolsVersion = 12.1;
					};
				};
			};
			buildConfigurationList = 38ACFA4E255975DA00A69D03 /* Build configuration list for PBXProject "Bank App" */;
			compatibilityVersion = "Xcode 9.3";
			developmentRegion = en;
			hasScannedForEncodings = 0;
			knownRegions = (
				en,
				Base,
			);
			mainGroup = 38ACFA4A255975DA00A69D03;
			productRefGroup = 38ACFA54255975DA00A69D03 /* Products */;
			projectDirPath = "";
			projectRoot = "";
			targets = (
				38ACFA52255975DA00A69D03 /* Bank App */,
			);
		};
/* End PBXProject section */

/* Begin PBXResourcesBuildPhase section */
		38ACFA51255975DA00A69D03 /* Resources */ = {
			isa = PBXResourcesBuildPhase;
			buildActionMask = 2147483647;
			files = (
				38ACFA63255975E000A69D03 /* LaunchScreen.storyboard in Resources */,
				38ACFA60255975E000A69D03 /* Assets.xcassets in Resources */,
				38ACFA5E255975DA00A69D03 /* Main.storyboard in Resources */,
			);
			runOnlyForDeploymentPostprocessing = 0;
		};
/* End PBXResourcesBuildPhase section */

/* Begin PBXSourcesBuildPhase section */
		38ACFA4F255975DA00A69D03 /* Sources */ = {
			isa = PBXSourcesBuildPhase;
			buildActionMask = 2147483647;
			files = (
				38472580255C3F3B00A4A402 /* ExelFormules.swift in Sources */,
				38ACFA5B255975DA00A69D03 /* ViewController.swift in Sources */,
				38ACFA57255975DA00A69D03 /* AppDelegate.swift in Sources */,
				38ACFA59255975DA00A69D03 /* SceneDelegate.swift in Sources */,
			);
			runOnlyForDeploymentPostprocessing = 0;
		};
/* End PBXSourcesBuildPhase section */

/* Begin PBXVariantGroup section */
		38ACFA5C255975DA00A69D03 /* Main.storyboard */ = {
			isa = PBXVariantGroup;
			children = (
				38ACFA5D255975DA00A69D03 /* Base */,
			);
			name = Main.storyboard;
			sourceTree = "<group>";
		};
		38ACFA61255975E000A69D03 /* LaunchScreen.storyboard */ = {
			isa = PBXVariantGroup;
			children = (
				38ACFA62255975E000A69D03 /* Base */,
			);
			name = LaunchScreen.storyboard;
			sourceTree = "<group>";
		};
/* End PBXVariantGroup section */

/* Begin XCBuildConfiguration section */
		38ACFA65255975E000A69D03 /* Debug */ = {
			isa = XCBuildConfiguration;
			buildSettings = {
				ALWAYS_SEARCH_USER_PATHS = NO;
				CLANG_ANALYZER_NONNULL = YES;
				CLANG_ANALYZER_NUMBER_OBJECT_CONVERSION = YES_AGGRESSIVE;
				CLANG_CXX_LANGUAGE_STANDARD = "gnu++14";
				CLANG_CXX_LIBRARY = "libc++";
				CLANG_ENABLE_MODULES = YES;
				CLANG_ENABLE_OBJC_ARC = YES;
				CLANG_ENABLE_OBJC_WEAK = YES;
				CLANG_WARN_BLOCK_CAPTURE_AUTORELEASING = YES;
				CLANG_WARN_BOOL_CONVERSION = YES;
				CLANG_WARN_COMMA = YES;
				CLANG_WARN_CONSTANT_CONVERSION = YES;
				CLANG_WARN_DEPRECATED_OBJC_IMPLEMENTATIONS = YES;
				CLANG_WARN_DIRECT_OBJC_ISA_USAGE = YES_ERROR;
				CLANG_WARN_DOCUMENTATION_COMMENTS = YES;
				CLANG_WARN_EMPTY_BODY = YES;
				CLANG_WARN_ENUM_CONVERSION = YES;
				CLANG_WARN_INFINITE_RECURSION = YES;
				CLANG_WARN_INT_CONVERSION = YES;
				CLANG_WARN_NON_LITERAL_NULL_CONVERSION = YES;
				CLANG_WARN_OBJC_IMPLICIT_RETAIN_SELF = YES;
				CLANG_WARN_OBJC_LITERAL_CONVERSION = YES;
				CLANG_WARN_OBJC_ROOT_CLASS = YES_ERROR;
				CLANG_WARN_QUOTED_INCLUDE_IN_FRAMEWORK_HEADER = YES;
				CLANG_WARN_RANGE_LOOP_ANALYSIS = YES;
				CLANG_WARN_STRICT_PROTOTYPES = YES;
				CLANG_WARN_SUSPICIOUS_MOVE = YES;
				CLANG_WARN_UNGUARDED_AVAILABILITY = YES_AGGRESSIVE;
				CLANG_WARN_UNREACHABLE_CODE = YES;
				CLANG_WARN__DUPLICATE_METHOD_MATCH = YES;
				COPY_PHASE_STRIP = NO;
				DEBUG_INFORMATION_FORMAT = dwarf;
				ENABLE_STRICT_OBJC_MSGSEND = YES;
				ENABLE_TESTABILITY = YES;
				GCC_C_LANGUAGE_STANDARD = gnu11;
				GCC_DYNAMIC_NO_PIC = NO;
				GCC_NO_COMMON_BLOCKS = YES;
				GCC_OPTIMIZATION_LEVEL = 0;
				GCC_PREPROCESSOR_DEFINITIONS = (
					"DEBUG=1",
					"$(inherited)",
				);
				GCC_WARN_64_TO_32_BIT_CONVERSION = YES;
				GCC_WARN_ABOUT_RETURN_TYPE = YES_ERROR;
				GCC_WARN_UNDECLARED_SELECTOR = YES;
				GCC_WARN_UNINITIALIZED_AUTOS = YES_AGGRESSIVE;
				GCC_WARN_UNUSED_FUNCTION = YES;
				GCC_WARN_UNUSED_VARIABLE = YES;
				IPHONEOS_DEPLOYMENT_TARGET = 14.1;
				MTL_ENABLE_DEBUG_INFO = INCLUDE_SOURCE;
				MTL_FAST_MATH = YES;
				ONLY_ACTIVE_ARCH = YES;
				SDKROOT = iphoneos;
				SWIFT_ACTIVE_COMPILATION_CONDITIONS = DEBUG;
				SWIFT_OPTIMIZATION_LEVEL = "-Onone";
			};
			name = Debug;
		};
		38ACFA66255975E000A69D03 /* Release */ = {
			isa = XCBuildConfiguration;
			buildSettings = {
				ALWAYS_SEARCH_USER_PATHS = NO;
				CLANG_ANALYZER_NONNULL = YES;
				CLANG_ANALYZER_NUMBER_OBJECT_CONVERSION = YES_AGGRESSIVE;
				CLANG_CXX_LANGUAGE_STANDARD = "gnu++14";
				CLANG_CXX_LIBRARY = "libc++";
				CLANG_ENABLE_MODULES = YES;
				CLANG_ENABLE_OBJC_ARC = YES;
				CLANG_ENABLE_OBJC_WEAK = YES;
				CLANG_WARN_BLOCK_CAPTURE_AUTORELEASING = YES;
				CLANG_WARN_BOOL_CONVERSION = YES;
				CLANG_WARN_COMMA = YES;
				CLANG_WARN_CONSTANT_CONVERSION = YES;
				CLANG_WARN_DEPRECATED_OBJC_IMPLEMENTATIONS = YES;
				CLANG_WARN_DIRECT_OBJC_ISA_USAGE = YES_ERROR;
				CLANG_WARN_DOCUMENTATION_COMMENTS = YES;
				CLANG_WARN_EMPTY_BODY = YES;
				CLANG_WARN_ENUM_CONVERSION = YES;
				CLANG_WARN_INFINITE_RECURSION = YES;
				CLANG_WARN_INT_CONVERSION = YES;
				CLANG_WARN_NON_LITERAL_NULL_CONVERSION = YES;
				CLANG_WARN_OBJC_IMPLICIT_RETAIN_SELF = YES;
				CLANG_WARN_OBJC_LITERAL_CONVERSION = YES;
				CLANG_WARN_OBJC_ROOT_CLASS = YES_ERROR;
				CLANG_WARN_QUOTED_INCLUDE_IN_FRAMEWORK_HEADER = YES;
				CLANG_WARN_RANGE_LOOP_ANALYSIS = YES;
				CLANG_WARN_STRICT_PROTOTYPES = YES;
				CLANG_WARN_SUSPICIOUS_MOVE = YES;
				CLANG_WARN_UNGUARDED_AVAILABILITY = YES_AGGRESSIVE;
				CLANG_WARN_UNREACHABLE_CODE = YES;
				CLANG_WARN__DUPLICATE_METHOD_MATCH = YES;
				COPY_PHASE_STRIP = NO;
				DEBUG_INFORMATION_FORMAT = "dwarf-with-dsym";
				ENABLE_NS_ASSERTIONS = NO;
				ENABLE_STRICT_OBJC_MSGSEND = YES;
				GCC_C_LANGUAGE_STANDARD = gnu11;
				GCC_NO_COMMON_BLOCKS = YES;
				GCC_WARN_64_TO_32_BIT_CONVERSION = YES;
				GCC_WARN_ABOUT_RETURN_TYPE = YES_ERROR;
				GCC_WARN_UNDECLARED_SELECTOR = YES;
				GCC_WARN_UNINITIALIZED_AUTOS = YES_AGGRESSIVE;
				GCC_WARN_UNUSED_FUNCTION = YES;
				GCC_WARN_UNUSED_VARIABLE = YES;
				IPHONEOS_DEPLOYMENT_TARGET = 14.1;
				MTL_ENABLE_DEBUG_INFO = NO;
				MTL_FAST_MATH = YES;
				SDKROOT = iphoneos;
				SWIFT_COMPILATION_MODE = wholemodule;
				SWIFT_OPTIMIZATION_LEVEL = "-O";
				VALIDATE_PRODUCT = YES;
			};
			name = Release;
		};
		38ACFA68255975E000A69D03 /* Debug */ = {
			isa = XCBuildConfiguration;
			buildSettings = {
				ASSETCATALOG_COMPILER_APPICON_NAME = AppIcon;
				ASSETCATALOG_COMPILER_GLOBAL_ACCENT_COLOR_NAME = AccentColor;
				CODE_SIGN_STYLE = Automatic;
				INFOPLIST_FILE = "Bank App/Info.plist";
				LD_RUNPATH_SEARCH_PATHS = (
					"$(inherited)",
					"@executable_path/Frameworks",
				);
				PRODUCT_BUNDLE_IDENTIFIER = "Sergey-Medvedev.Bank-App";
				PRODUCT_NAME = "$(TARGET_NAME)";
				SWIFT_VERSION = 5.0;
				TARGETED_DEVICE_FAMILY = "1,2";
			};
			name = Debug;
		};
		38ACFA69255975E000A69D03 /* Release */ = {
			isa = XCBuildConfiguration;
			buildSettings = {
				ASSETCATALOG_COMPILER_APPICON_NAME = AppIcon;
				ASSETCATALOG_COMPILER_GLOBAL_ACCENT_COLOR_NAME = AccentColor;
				CODE_SIGN_STYLE = Automatic;
				INFOPLIST_FILE = "Bank App/Info.plist";
				LD_RUNPATH_SEARCH_PATHS = (
					"$(inherited)",
					"@executable_path/Frameworks",
				);
				PRODUCT_BUNDLE_IDENTIFIER = "Sergey-Medvedev.Bank-App";
				PRODUCT_NAME = "$(TARGET_NAME)";
				SWIFT_VERSION = 5.0;
				TARGETED_DEVICE_FAMILY = "1,2";
			};
			name = Release;
		};
/* End XCBuildConfiguration section */

/* Begin XCConfigurationList section */
		38ACFA4E255975DA00A69D03 /* Build configuration list for PBXProject "Bank App" */ = {
			isa = XCConfigurationList;
			buildConfigurations = (
				38ACFA65255975E000A69D03 /* Debug */,
				38ACFA66255975E000A69D03 /* Release */,
			);
			defaultConfigurationIsVisible = 0;
			defaultConfigurationName = Release;
		};
		38ACFA67255975E000A69D03 /* Build configuration list for PBXNativeTarget "Bank App" */ = {
			isa = XCConfigurationList;
			buildConfigurations = (
				38ACFA68255975E000A69D03 /* Debug */,
				38ACFA69255975E000A69D03 /* Release */,
			);
			defaultConfigurationIsVisible = 0;
			defaultConfigurationName = Release;
		};
/* End XCConfigurationList section */
	};
	rootObject = 38ACFA4B255975DA00A69D03 /* Project object */;
}
